
Microsoft Visual Studio Solution File, Format Version 12.00
# Visual Studio Version 16
VisualStudioVersion = 16.0.28803.156
MinimumVisualStudioVersion = 10.0.40219.1
Project("{FAE04EC0-301F-11D3-BF4B-00C04F79EFBC}") = "3999-gen", "3999-gen\3999-gen.csproj", "{3678EF13-5396-4339-8455-DFD147D611C3}"
EndProject
Global
	GlobalSection(SolutionConfigurationPlatforms) = preSolution
		Debug|Any CPU = Debug|Any CPU
		Release|Any CPU = Release|Any CPU
	EndGlobalSection
	GlobalSection(ProjectConfigurationPlatforms) = postSolution
		{3678EF13-5396-4339-8455-DFD147D611C3}.Debug|Any CPU.ActiveCfg = Debug|Any CPU
		{3678EF13-5396-4339-8455-DFD147D611C3}.Debug|Any CPU.Build.0 = Debug|Any CPU
		{3678EF13-5396-4339-8455-DFD147D611C3}.Release|Any CPU.ActiveCfg = Release|Any CPU
		{3678EF13-5396-4339-8455-DFD147D611C3}.Release|Any CPU.Build.0 = Release|Any CPU
	EndGlobalSection
	GlobalSection(SolutionProperties) = preSolution
		HideSolutionNode = FALSE
	EndGlobalSection
	GlobalSection(ExtensibilityGlobals) = postSolution
		SolutionGuid = {EAD4C5FE-4CFB-494A-B043-BDC582C39455}
	EndGlobalSection
EndGlobal
